
Microsoft Visual Studio Solution File, Format Version 12.00
# Visual Studio Version 16
VisualStudioVersion = 16.0.31410.357
MinimumVisualStudioVersion = 10.0.40219.1
Project("{8BC9CEB8-8B4A-11D0-8D11-00A0C91BC942}") = "ConrtolStructures", "ConrtolStructures.vcxproj", "{2E0C976F-BA64-4BB2-A66A-E27D5CB07ED5}"
EndProject
Project("{8BC9CEB8-8B4A-11D0-8D11-00A0C91BC942}") = "factorial1", "factorial1\factorial1.vcxproj", "{D9A12169-4117-480B-BB70-AD82D304391E}"
EndProject
Project("{8BC9CEB8-8B4A-11D0-8D11-00A0C91BC942}") = "Exponent", "Exponent\Exponent.vcxproj", "{A87CBEC1-0A57-4027-8041-FFF25785A74E}"
EndProject
Project("{8BC9CEB8-8B4A-11D0-8D11-00A0C91BC942}") = "table_ascII", "table_ascII\table_ascII.vcxproj", "{2CF8162C-E1B2-4FC9-B816-4597E134B656}"
EndProject
Project("{8BC9CEB8-8B4A-11D0-8D11-00A0C91BC942}") = "table_mul", "table_mul\table_mul.vcxproj", "{973D1741-0448-49C4-81F9-9B59D599CC38}"
EndProject
Project("{8BC9CEB8-8B4A-11D0-8D11-00A0C91BC942}") = "table_PIFAGOR", "table_PIFAGOR\table_PIFAGOR.vcxproj", "{A508C2DB-2172-4C3C-86A7-8FC4934F0A3B}"
EndProject
Project("{8BC9CEB8-8B4A-11D0-8D11-00A0C91BC942}") = "Tetra2", "Tetra\Tetra.vcxproj", "{112AF7D6-0A9C-4B59-A1B7-5B78EC09EAEC}"
EndProject
Project("{8BC9CEB8-8B4A-11D0-8D11-00A0C91BC942}") = "Tetra0", "Tetra0\Tetra0.vcxproj", "{8522D7AD-6FBD-4BA4-BF9E-B87F306C2EB6}"
EndProject
Project("{8BC9CEB8-8B4A-11D0-8D11-00A0C91BC942}") = "Tetra1", "Tetra1\Tetra1.vcxproj", "{ABB6C693-40C4-4FD4-A38A-39D2A66F0D9E}"
EndProject
Project("{8BC9CEB8-8B4A-11D0-8D11-00A0C91BC942}") = "Tetra3", "Tetra3\Tetra3.vcxproj", "{674915E8-9EE1-486A-B532-89E8B0C22711}"
EndProject
Project("{8BC9CEB8-8B4A-11D0-8D11-00A0C91BC942}") = "Tetra4", "Tetra4\Tetra4.vcxproj", "{DD1E5EB0-160A-4118-BDB2-C79627CC984A}"
EndProject
Project("{8BC9CEB8-8B4A-11D0-8D11-00A0C91BC942}") = "Tetra5", "..\Tetra5\Tetra5.vcxproj", "{54167CC7-8A2F-49B8-8021-C373197E6F6A}"
EndProject
Project("{8BC9CEB8-8B4A-11D0-8D11-00A0C91BC942}") = "Tetra6", "Tetra6\Tetra6.vcxproj", "{071F3194-2192-44D3-B1C7-D6A84D28954D}"
EndProject
Global
	GlobalSection(SolutionConfigurationPlatforms) = preSolution
		Debug|x64 = Debug|x64
		Debug|x86 = Debug|x86
		Release|x64 = Release|x64
		Release|x86 = Release|x86
	EndGlobalSection
	GlobalSection(ProjectConfigurationPlatforms) = postSolution
		{2E0C976F-BA64-4BB2-A66A-E27D5CB07ED5}.Debug|x64.ActiveCfg = Debug|x64
		{2E0C976F-BA64-4BB2-A66A-E27D5CB07ED5}.Debug|x64.Build.0 = Debug|x64
		{2E0C976F-BA64-4BB2-A66A-E27D5CB07ED5}.Debug|x86.ActiveCfg = Debug|Win32
		{2E0C976F-BA64-4BB2-A66A-E27D5CB07ED5}.Debug|x86.Build.0 = Debug|Win32
		{2E0C976F-BA64-4BB2-A66A-E27D5CB07ED5}.Release|x64.ActiveCfg = Release|x64
		{2E0C976F-BA64-4BB2-A66A-E27D5CB07ED5}.Release|x64.Build.0 = Release|x64
		{2E0C976F-BA64-4BB2-A66A-E27D5CB07ED5}.Release|x86.ActiveCfg = Release|Win32
		{2E0C976F-BA64-4BB2-A66A-E27D5CB07ED5}.Release|x86.Build.0 = Release|Win32
		{D9A12169-4117-480B-BB70-AD82D304391E}.Debug|x64.ActiveCfg = Debug|x64
		{D9A12169-4117-480B-BB70-AD82D304391E}.Debug|x64.Build.0 = Debug|x64
		{D9A12169-4117-480B-BB70-AD82D304391E}.Debug|x86.ActiveCfg = Debug|Win32
		{D9A12169-4117-480B-BB70-AD82D304391E}.Debug|x86.Build.0 = Debug|Win32
		{D9A12169-4117-480B-BB70-AD82D304391E}.Release|x64.ActiveCfg = Release|x64
		{D9A12169-4117-480B-BB70-AD82D304391E}.Release|x64.Build.0 = Release|x64
		{D9A12169-4117-480B-BB70-AD82D304391E}.Release|x86.ActiveCfg = Release|Win32
		{D9A12169-4117-480B-BB70-AD82D304391E}.Release|x86.Build.0 = Release|Win32
		{A87CBEC1-0A57-4027-8041-FFF25785A74E}.Debug|x64.ActiveCfg = Debug|x64
		{A87CBEC1-0A57-4027-8041-FFF25785A74E}.Debug|x64.Build.0 = Debug|x64
		{A87CBEC1-0A57-4027-8041-FFF25785A74E}.Debug|x86.ActiveCfg = Debug|Win32
		{A87CBEC1-0A57-4027-8041-FFF25785A74E}.Debug|x86.Build.0 = Debug|Win32
		{A87CBEC1-0A57-4027-8041-FFF25785A74E}.Release|x64.ActiveCfg = Release|x64
		{A87CBEC1-0A57-4027-8041-FFF25785A74E}.Release|x64.Build.0 = Release|x64
		{A87CBEC1-0A57-4027-8041-FFF25785A74E}.Release|x86.ActiveCfg = Release|Win32
		{A87CBEC1-0A57-4027-8041-FFF25785A74E}.Release|x86.Build.0 = Release|Win32
		{2CF8162C-E1B2-4FC9-B816-4597E134B656}.Debug|x64.ActiveCfg = Debug|x64
		{2CF8162C-E1B2-4FC9-B816-4597E134B656}.Debug|x64.Build.0 = Debug|x64
		{2CF8162C-E1B2-4FC9-B816-4597E134B656}.Debug|x86.ActiveCfg = Debug|Win32
		{2CF8162C-E1B2-4FC9-B816-4597E134B656}.Debug|x86.Build.0 = Debug|Win32
		{2CF8162C-E1B2-4FC9-B816-4597E134B656}.Release|x64.ActiveCfg = Release|x64
		{2CF8162C-E1B2-4FC9-B816-4597E134B656}.Release|x64.Build.0 = Release|x64
		{2CF8162C-E1B2-4FC9-B816-4597E134B656}.Release|x86.ActiveCfg = Release|Win32
		{2CF8162C-E1B2-4FC9-B816-4597E134B656}.Release|x86.Build.0 = Release|Win32
		{973D1741-0448-49C4-81F9-9B59D599CC38}.Debug|x64.ActiveCfg = Debug|x64
		{973D1741-0448-49C4-81F9-9B59D599CC38}.Debug|x64.Build.0 = Debug|x64
		{973D1741-0448-49C4-81F9-9B59D599CC38}.Debug|x86.ActiveCfg = Debug|Win32
		{973D1741-0448-49C4-81F9-9B59D599CC38}.Debug|x86.Build.0 = Debug|Win32
		{973D1741-0448-49C4-81F9-9B59D599CC38}.Release|x64.ActiveCfg = Release|x64
		{973D1741-0448-49C4-81F9-9B59D599CC38}.Release|x64.Build.0 = Release|x64
		{973D1741-0448-49C4-81F9-9B59D599CC38}.Release|x86.ActiveCfg = Release|Win32
		{973D1741-0448-49C4-81F9-9B59D599CC38}.Release|x86.Build.0 = Release|Win32
		{A508C2DB-2172-4C3C-86A7-8FC4934F0A3B}.Debug|x64.ActiveCfg = Debug|x64
		{A508C2DB-2172-4C3C-86A7-8FC4934F0A3B}.Debug|x64.Build.0 = Debug|x64
		{A508C2DB-2172-4C3C-86A7-8FC4934F0A3B}.Debug|x86.ActiveCfg = Debug|Win32
		{A508C2DB-2172-4C3C-86A7-8FC4934F0A3B}.Debug|x86.Build.0 = Debug|Win32
		{A508C2DB-2172-4C3C-86A7-8FC4934F0A3B}.Release|x64.ActiveCfg = Release|x64
		{A508C2DB-2172-4C3C-86A7-8FC4934F0A3B}.Release|x64.Build.0 = Release|x64
		{A508C2DB-2172-4C3C-86A7-8FC4934F0A3B}.Release|x86.ActiveCfg = Release|Win32
		{A508C2DB-2172-4C3C-86A7-8FC4934F0A3B}.Release|x86.Build.0 = Release|Win32
		{112AF7D6-0A9C-4B59-A1B7-5B78EC09EAEC}.Debug|x64.ActiveCfg = Debug|x64
		{112AF7D6-0A9C-4B59-A1B7-5B78EC09EAEC}.Debug|x64.Build.0 = Debug|x64
		{112AF7D6-0A9C-4B59-A1B7-5B78EC09EAEC}.Debug|x86.ActiveCfg = Debug|Win32
		{112AF7D6-0A9C-4B59-A1B7-5B78EC09EAEC}.Debug|x86.Build.0 = Debug|Win32
		{112AF7D6-0A9C-4B59-A1B7-5B78EC09EAEC}.Release|x64.ActiveCfg = Release|x64
		{112AF7D6-0A9C-4B59-A1B7-5B78EC09EAEC}.Release|x64.Build.0 = Release|x64
		{112AF7D6-0A9C-4B59-A1B7-5B78EC09EAEC}.Release|x86.ActiveCfg = Release|Win32
		{112AF7D6-0A9C-4B59-A1B7-5B78EC09EAEC}.Release|x86.Build.0 = Release|Win32
		{8522D7AD-6FBD-4BA4-BF9E-B87F306C2EB6}.Debug|x64.ActiveCfg = Debug|x64
		{8522D7AD-6FBD-4BA4-BF9E-B87F306C2EB6}.Debug|x64.Build.0 = Debug|x64
		{8522D7AD-6FBD-4BA4-BF9E-B87F306C2EB6}.Debug|x86.ActiveCfg = Debug|Win32
		{8522D7AD-6FBD-4BA4-BF9E-B87F306C2EB6}.Debug|x86.Build.0 = Debug|Win32
		{8522D7AD-6FBD-4BA4-BF9E-B87F306C2EB6}.Release|x64.ActiveCfg = Release|x64
		{8522D7AD-6FBD-4BA4-BF9E-B87F306C2EB6}.Release|x64.Build.0 = Release|x64
		{8522D7AD-6FBD-4BA4-BF9E-B87F306C2EB6}.Release|x86.ActiveCfg = Release|Win32
		{8522D7AD-6FBD-4BA4-BF9E-B87F306C2EB6}.Release|x86.Build.0 = Release|Win32
		{ABB6C693-40C4-4FD4-A38A-39D2A66F0D9E}.Debug|x64.ActiveCfg = Debug|x64
		{ABB6C693-40C4-4FD4-A38A-39D2A66F0D9E}.Debug|x64.Build.0 = Debug|x64
		{ABB6C693-40C4-4FD4-A38A-39D2A66F0D9E}.Debug|x86.ActiveCfg = Debug|Win32
		{ABB6C693-40C4-4FD4-A38A-39D2A66F0D9E}.Debug|x86.Build.0 = Debug|Win32
		{ABB6C693-40C4-4FD4-A38A-39D2A66F0D9E}.Release|x64.ActiveCfg = Release|x64
		{ABB6C693-40C4-4FD4-A38A-39D2A66F0D9E}.Release|x64.Build.0 = Release|x64
		{ABB6C693-40C4-4FD4-A38A-39D2A66F0D9E}.Release|x86.ActiveCfg = Release|Win32
		{ABB6C693-40C4-4FD4-A38A-39D2A66F0D9E}.Release|x86.Build.0 = Release|Win32
		{674915E8-9EE1-486A-B532-89E8B0C22711}.Debug|x64.ActiveCfg = Debug|x64
		{674915E8-9EE1-486A-B532-89E8B0C22711}.Debug|x64.Build.0 = Debug|x64
		{674915E8-9EE1-486A-B532-89E8B0C22711}.Debug|x86.ActiveCfg = Debug|Win32
		{674915E8-9EE1-486A-B532-89E8B0C22711}.Debug|x86.Build.0 = Debug|Win32
		{674915E8-9EE1-486A-B532-89E8B0C22711}.Release|x64.ActiveCfg = Release|x64
		{674915E8-9EE1-486A-B532-89E8B0C22711}.Release|x64.Build.0 = Release|x64
		{674915E8-9EE1-486A-B532-89E8B0C22711}.Release|x86.ActiveCfg = Release|Win32
		{674915E8-9EE1-486A-B532-89E8B0C22711}.Release|x86.Build.0 = Release|Win32
		{DD1E5EB0-160A-4118-BDB2-C79627CC984A}.Debug|x64.ActiveCfg = Debug|x64
		{DD1E5EB0-160A-4118-BDB2-C79627CC984A}.Debug|x64.Build.0 = Debug|x64
		{DD1E5EB0-160A-4118-BDB2-C79627CC984A}.Debug|x86.ActiveCfg = Debug|Win32
		{DD1E5EB0-160A-4118-BDB2-C79627CC984A}.Debug|x86.Build.0 = Debug|Win32
		{DD1E5EB0-160A-4118-BDB2-C79627CC984A}.Release|x64.ActiveCfg = Release|x64
		{DD1E5EB0-160A-4118-BDB2-C79627CC984A}.Release|x64.Build.0 = Release|x64
		{DD1E5EB0-160A-4118-BDB2-C79627CC984A}.Release|x86.ActiveCfg = Release|Win32
		{DD1E5EB0-160A-4118-BDB2-C79627CC984A}.Release|x86.Build.0 = Release|Win32
		{54167CC7-8A2F-49B8-8021-C373197E6F6A}.Debug|x64.ActiveCfg = Debug|x64
		{54167CC7-8A2F-49B8-8021-C373197E6F6A}.Debug|x64.Build.0 = Debug|x64
		{54167CC7-8A2F-49B8-8021-C373197E6F6A}.Debug|x86.ActiveCfg = Debug|Win32
		{54167CC7-8A2F-49B8-8021-C373197E6F6A}.Debug|x86.Build.0 = Debug|Win32
		{54167CC7-8A2F-49B8-8021-C373197E6F6A}.Release|x64.ActiveCfg = Release|x64
		{54167CC7-8A2F-49B8-8021-C373197E6F6A}.Release|x64.Build.0 = Release|x64
		{54167CC7-8A2F-49B8-8021-C373197E6F6A}.Release|x86.ActiveCfg = Release|Win32
		{54167CC7-8A2F-49B8-8021-C373197E6F6A}.Release|x86.Build.0 = Release|Win32
		{071F3194-2192-44D3-B1C7-D6A84D28954D}.Debug|x64.ActiveCfg = Debug|x64
		{071F3194-2192-44D3-B1C7-D6A84D28954D}.Debug|x64.Build.0 = Debug|x64
		{071F3194-2192-44D3-B1C7-D6A84D28954D}.Debug|x86.ActiveCfg = Debug|Win32
		{071F3194-2192-44D3-B1C7-D6A84D28954D}.Debug|x86.Build.0 = Debug|Win32
		{071F3194-2192-44D3-B1C7-D6A84D28954D}.Release|x64.ActiveCfg = Release|x64
		{071F3194-2192-44D3-B1C7-D6A84D28954D}.Release|x64.Build.0 = Release|x64
		{071F3194-2192-44D3-B1C7-D6A84D28954D}.Release|x86.ActiveCfg = Release|Win32
		{071F3194-2192-44D3-B1C7-D6A84D28954D}.Release|x86.Build.0 = Release|Win32
	EndGlobalSection
	GlobalSection(SolutionProperties) = preSolution
		HideSolutionNode = FALSE
	EndGlobalSection
	GlobalSection(ExtensibilityGlobals) = postSolution
		SolutionGuid = {AA6766EE-853A-40F6-B48A-1753D4B5C7B9}
	EndGlobalSection
EndGlobal
